<?xml version="1.0" encoding="utf-8"?>
<Project ToolsVersion="4.0" xmlns="http://schemas.microsoft.com/developer/msbuild/2003">
  <ItemGroup>
    <Filter Include="SandBoxLayers">
      <UniqueIdentifier>{24B84CDD-9078-C813-59B3-1191C5320DF0}</UniqueIdentifier>
    </Filter>
    <Filter Include="SimpleGame">
      <UniqueIdentifier>{69E7E094-559F-22E2-BEA6-FB3DAA7DBDD2}</UniqueIdentifier>
    </Filter>
    <Filter Include="Tools">
      <UniqueIdentifier>{16CF2D0E-82E3-55BF-4B65-F91EB73852F0}</UniqueIdentifier>
    </Filter>
    <Filter Include="Utilities">
      <UniqueIdentifier>{010A8043-6D74-34BA-B6B2-E55F225C120F}</UniqueIdentifier>
    </Filter>
  </ItemGroup>
  <ItemGroup>
    <ClInclude Include="src\SandBoxLayers\DockSpaceView.h">
      <Filter>SandBoxLayers</Filter>
    </ClInclude>
    <ClInclude Include="src\SandBoxLayers\SandBox2DLayer.h">
      <Filter>SandBoxLayers</Filter>
    </ClInclude>
    <ClInclude Include="src\SandBoxLayers\SandBox3DLayer.h">
      <Filter>SandBoxLayers</Filter>
    </ClInclude>
    <ClInclude Include="src\SimpleGame\Color.h">
      <Filter>SimpleGame</Filter>
    </ClInclude>
    <ClInclude Include="src\SimpleGame\GameLayer.h">
      <Filter>SimpleGame</Filter>
    </ClInclude>
    <ClInclude Include="src\SimpleGame\Level.h">
      <Filter>SimpleGame</Filter>
    </ClInclude>
    <ClInclude Include="src\SimpleGame\Pillar.h">
      <Filter>SimpleGame</Filter>
    </ClInclude>
    <ClInclude Include="src\SimpleGame\Player.h">
      <Filter>SimpleGame</Filter>
    </ClInclude>
    <ClInclude Include="src\Tools\ParticleProps.h">
      <Filter>Tools</Filter>
    </ClInclude>
    <ClInclude Include="src\Tools\ParticleSystem.h">
      <Filter>Tools</Filter>
    </ClInclude>
    <ClInclude Include="src\Utilities\HSV.h">
      <Filter>Utilities</Filter>
    </ClInclude>
    <ClInclude Include="src\Utilities\Random.h">
      <Filter>Utilities</Filter>
    </ClInclude>
  </ItemGroup>
  <ItemGroup>
    <ClCompile Include="src\SandBoxLayers\DockSpaceView.cpp">
      <Filter>SandBoxLayers</Filter>
    </ClCompile>
    <ClCompile Include="src\SandBoxLayers\SandBox2DLayer.cpp">
      <Filter>SandBoxLayers</Filter>
    </ClCompile>
    <ClCompile Include="src\SandBoxLayers\SandBox3DLayer.cpp">
      <Filter>SandBoxLayers</Filter>
    </ClCompile>
    <ClCompile Include="src\SandboxApp.cpp" />
    <ClCompile Include="src\SimpleGame\GameLayer.cpp">
      <Filter>SimpleGame</Filter>
    </ClCompile>
    <ClCompile Include="src\SimpleGame\Level.cpp">
      <Filter>SimpleGame</Filter>
    </ClCompile>
    <ClCompile Include="src\SimpleGame\Player.cpp">
      <Filter>SimpleGame</Filter>
    </ClCompile>
    <ClCompile Include="src\Tools\ParticleSystem.cpp">
      <Filter>Tools</Filter>
    </ClCompile>
    <ClCompile Include="src\Utilities\HSV.cpp">
      <Filter>Utilities</Filter>
    </ClCompile>
    <ClCompile Include="src\Utilities\Random.cpp">
      <Filter>Utilities</Filter>
    </ClCompile>
  </ItemGroup>
</Project>