<?xml version="1.0" encoding="utf-8"?>
<Project ToolsVersion="4.0" xmlns="http://schemas.microsoft.com/developer/msbuild/2003">
  <ItemGroup>
    <Filter Include="MABEngine">
      <UniqueIdentifier>{EB01BA79-576C-6EF0-A0AA-1F960C544C45}</UniqueIdentifier>
    </Filter>
    <Filter Include="MABEngine\Logging">
      <UniqueIdentifier>{819D3543-EDB3-33D9-362B-BFFAA2800461}</UniqueIdentifier>
    </Filter>
  </ItemGroup>
  <ItemGroup>
    <ClInclude Include="src\MABEngine.h" />
    <ClInclude Include="src\MABEngine\Application.h">
      <Filter>MABEngine</Filter>
    </ClInclude>
    <ClInclude Include="src\MABEngine\Core.h">
      <Filter>MABEngine</Filter>
    </ClInclude>
    <ClInclude Include="src\MABEngine\EntryPoint.h">
      <Filter>MABEngine</Filter>
    </ClInclude>
    <ClInclude Include="src\MABEngine\Logging\Log.h">
      <Filter>MABEngine\Logging</Filter>
    </ClInclude>
    <ClInclude Include="src\MABEngine\Logging\LogSetting.h">
      <Filter>MABEngine\Logging</Filter>
    </ClInclude>
    <ClInclude Include="src\MABEngine\Settings.h">
      <Filter>MABEngine</Filter>
    </ClInclude>
  </ItemGroup>
  <ItemGroup>
    <ClCompile Include="src\MABEngine\Application.cpp">
      <Filter>MABEngine</Filter>
    </ClCompile>
    <ClCompile Include="src\MABEngine\Logging\Log.cpp">
      <Filter>MABEngine\Logging</Filter>
    </ClCompile>
    <ClCompile Include="src\MABEngine\Logging\LogSetting.cpp">
      <Filter>MABEngine\Logging</Filter>
    </ClCompile>
    <ClCompile Include="src\MABEngine\Settings.cpp">
      <Filter>MABEngine</Filter>
    </ClCompile>
  </ItemGroup>
</Project>