<?xml version="1.0" encoding="utf-8"?>
<Project ToolsVersion="4.0" xmlns="http://schemas.microsoft.com/developer/msbuild/2003">
  <ItemGroup>
    <Filter Include="MABEngine">
      <UniqueIdentifier>{EB01BA79-576C-6EF0-A0AA-1F960C544C45}</UniqueIdentifier>
    </Filter>
    <Filter Include="MABEngine\Events">
      <UniqueIdentifier>{6FF732F2-5BF0-5144-8422-37C9707A3150}</UniqueIdentifier>
    </Filter>
    <Filter Include="MABEngine\Layers">
      <UniqueIdentifier>{4AE21501-36DB-3453-5F0D-1AD84B65145F}</UniqueIdentifier>
    </Filter>
    <Filter Include="MABEngine\Logging">
      <UniqueIdentifier>{819D3543-EDB3-33D9-362B-BFFAA2800461}</UniqueIdentifier>
    </Filter>
    <Filter Include="Platform">
      <UniqueIdentifier>{2AC788B4-1694-E3BF-3FAD-D1672BD9184E}</UniqueIdentifier>
    </Filter>
    <Filter Include="Platform\Windows">
      <UniqueIdentifier>{64FBD71A-50F4-F66C-7926-DCF1657ED678}</UniqueIdentifier>
    </Filter>
  </ItemGroup>
  <ItemGroup>
    <ClInclude Include="src\MABEngine.h" />
    <ClInclude Include="src\MABEngine\Application.h">
      <Filter>MABEngine</Filter>
    </ClInclude>
    <ClInclude Include="src\MABEngine\Core.h">
      <Filter>MABEngine</Filter>
    </ClInclude>
    <ClInclude Include="src\MABEngine\EntryPoint.h">
      <Filter>MABEngine</Filter>
    </ClInclude>
    <ClInclude Include="src\MABEngine\Events\ApplicationEvent.h">
      <Filter>MABEngine\Events</Filter>
    </ClInclude>
    <ClInclude Include="src\MABEngine\Events\Event.h">
      <Filter>MABEngine\Events</Filter>
    </ClInclude>
    <ClInclude Include="src\MABEngine\Events\KeyEvent.h">
      <Filter>MABEngine\Events</Filter>
    </ClInclude>
    <ClInclude Include="src\MABEngine\Events\MouseEvent.h">
      <Filter>MABEngine\Events</Filter>
    </ClInclude>
    <ClInclude Include="src\MABEngine\Layers\Layer.h">
      <Filter>MABEngine\Layers</Filter>
    </ClInclude>
    <ClInclude Include="src\MABEngine\Layers\LayerStack.h">
      <Filter>MABEngine\Layers</Filter>
    </ClInclude>
    <ClInclude Include="src\MABEngine\Logging\Log.h">
      <Filter>MABEngine\Logging</Filter>
    </ClInclude>
    <ClInclude Include="src\MABEngine\Logging\LogSetting.h">
      <Filter>MABEngine\Logging</Filter>
    </ClInclude>
    <ClInclude Include="src\MABEngine\Settings.h">
      <Filter>MABEngine</Filter>
    </ClInclude>
    <ClInclude Include="src\MABEngine\Window.h">
      <Filter>MABEngine</Filter>
    </ClInclude>
    <ClInclude Include="src\Platform\Windows\WindowsGlfwWindow.h">
      <Filter>Platform\Windows</Filter>
    </ClInclude>
    <ClInclude Include="src\mabengine_pch.h" />
  </ItemGroup>
  <ItemGroup>
    <ClCompile Include="src\MABEngine\Application.cpp">
      <Filter>MABEngine</Filter>
    </ClCompile>
    <ClCompile Include="src\MABEngine\Layers\Layer.cpp">
      <Filter>MABEngine\Layers</Filter>
    </ClCompile>
    <ClCompile Include="src\MABEngine\Layers\LayerStack.cpp">
      <Filter>MABEngine\Layers</Filter>
    </ClCompile>
    <ClCompile Include="src\MABEngine\Logging\Log.cpp">
      <Filter>MABEngine\Logging</Filter>
    </ClCompile>
    <ClCompile Include="src\MABEngine\Logging\LogSetting.cpp">
      <Filter>MABEngine\Logging</Filter>
    </ClCompile>
    <ClCompile Include="src\MABEngine\Settings.cpp">
      <Filter>MABEngine</Filter>
    </ClCompile>
    <ClCompile Include="src\Platform\Windows\WindowsGlfwWindow.cpp">
      <Filter>Platform\Windows</Filter>
    </ClCompile>
    <ClCompile Include="src\mabengine_pch.cpp" />
  </ItemGroup>
</Project>